
Microsoft Visual Studio Solution File, Format Version 12.00
# Visual Studio 14
VisualStudioVersion = 14.0.24720.0
MinimumVisualStudioVersion = 10.0.40219.1
Project("{2150E333-8FDC-42A3-9474-1A3956D46DE8}") = "WEB", "WEB", "{4D04D46A-8174-4E81-9BC9-F06FBE78684A}"
EndProject
Project("{FAE04EC0-301F-11D3-BF4B-00C04F79EFBC}") = "Webapp", "Webapp\Webapp.csproj", "{743CB592-D8BA-4737-816F-9755EC82A37D}"
EndProject
Global
	GlobalSection(SolutionConfigurationPlatforms) = preSolution
		Debug|Any CPU = Debug|Any CPU
		Release|Any CPU = Release|Any CPU
	EndGlobalSection
	GlobalSection(ProjectConfigurationPlatforms) = postSolution
		{743CB592-D8BA-4737-816F-9755EC82A37D}.Debug|Any CPU.ActiveCfg = Debug|Any CPU
		{743CB592-D8BA-4737-816F-9755EC82A37D}.Debug|Any CPU.Build.0 = Debug|Any CPU
		{743CB592-D8BA-4737-816F-9755EC82A37D}.Release|Any CPU.ActiveCfg = Release|Any CPU
		{743CB592-D8BA-4737-816F-9755EC82A37D}.Release|Any CPU.Build.0 = Release|Any CPU
	EndGlobalSection
	GlobalSection(SolutionProperties) = preSolution
		HideSolutionNode = FALSE
	EndGlobalSection
	GlobalSection(NestedProjects) = preSolution
		{743CB592-D8BA-4737-816F-9755EC82A37D} = {4D04D46A-8174-4E81-9BC9-F06FBE78684A}
	EndGlobalSection
EndGlobal
