
Microsoft Visual Studio Solution File, Format Version 12.00
# Visual Studio 14
VisualStudioVersion = 14.0.24720.0
MinimumVisualStudioVersion = 10.0.40219.1
Project("{2150E333-8FDC-42A3-9474-1A3956D46DE8}") = "WEB", "WEB", "{4D04D46A-8174-4E81-9BC9-F06FBE78684A}"
EndProject
Project("{FAE04EC0-301F-11D3-BF4B-00C04F79EFBC}") = "Webapp", "Webapp\Webapp.csproj", "{743CB592-D8BA-4737-816F-9755EC82A37D}"
EndProject
Project("{2150E333-8FDC-42A3-9474-1A3956D46DE8}") = "DB", "DB", "{791D5099-5BB6-4EC3-8A8F-09DF235E27C5}"
EndProject
Project("{00D1A9C2-B5F0-4AF3-8072-F6C62B433612}") = "Databases", "Databases\Databases.sqlproj", "{2A9911AE-5A4E-431E-A5B6-A4947539FC5F}"
EndProject
Project("{2150E333-8FDC-42A3-9474-1A3956D46DE8}") = "DAL", "DAL", "{32223374-C757-42BA-9A42-350EBDAF577D}"
EndProject
Project("{FAE04EC0-301F-11D3-BF4B-00C04F79EFBC}") = "libGetFlights", "libGetFlights\libGetFlights.csproj", "{437BA3AE-A41D-4D0E-B678-9DB5CDE1504E}"
EndProject
Project("{FAE04EC0-301F-11D3-BF4B-00C04F79EFBC}") = "libGetHotels", "libGetHotels\libGetHotels.csproj", "{88609AC2-106F-4A03-9E05-F904120B737E}"
EndProject
Project("{2150E333-8FDC-42A3-9474-1A3956D46DE8}") = "BL", "BL", "{4AA38BEF-D59A-4C30-868B-542FA065CA32}"
EndProject
Project("{FAE04EC0-301F-11D3-BF4B-00C04F79EFBC}") = "libGetInfos", "libGetInfos\libGetInfos.csproj", "{369A714F-1716-4203-BDC2-59A05AFC1B50}"
EndProject
Global
	GlobalSection(SolutionConfigurationPlatforms) = preSolution
		Debug|Any CPU = Debug|Any CPU
		Release|Any CPU = Release|Any CPU
	EndGlobalSection
	GlobalSection(ProjectConfigurationPlatforms) = postSolution
		{743CB592-D8BA-4737-816F-9755EC82A37D}.Debug|Any CPU.ActiveCfg = Debug|Any CPU
		{743CB592-D8BA-4737-816F-9755EC82A37D}.Debug|Any CPU.Build.0 = Debug|Any CPU
		{743CB592-D8BA-4737-816F-9755EC82A37D}.Release|Any CPU.ActiveCfg = Release|Any CPU
		{743CB592-D8BA-4737-816F-9755EC82A37D}.Release|Any CPU.Build.0 = Release|Any CPU
		{2A9911AE-5A4E-431E-A5B6-A4947539FC5F}.Debug|Any CPU.ActiveCfg = Debug|Any CPU
		{2A9911AE-5A4E-431E-A5B6-A4947539FC5F}.Debug|Any CPU.Build.0 = Debug|Any CPU
		{2A9911AE-5A4E-431E-A5B6-A4947539FC5F}.Release|Any CPU.ActiveCfg = Release|Any CPU
		{2A9911AE-5A4E-431E-A5B6-A4947539FC5F}.Release|Any CPU.Build.0 = Release|Any CPU
		{2A9911AE-5A4E-431E-A5B6-A4947539FC5F}.Release|Any CPU.Deploy.0 = Release|Any CPU
		{437BA3AE-A41D-4D0E-B678-9DB5CDE1504E}.Debug|Any CPU.ActiveCfg = Debug|Any CPU
		{437BA3AE-A41D-4D0E-B678-9DB5CDE1504E}.Debug|Any CPU.Build.0 = Debug|Any CPU
		{437BA3AE-A41D-4D0E-B678-9DB5CDE1504E}.Release|Any CPU.ActiveCfg = Release|Any CPU
		{437BA3AE-A41D-4D0E-B678-9DB5CDE1504E}.Release|Any CPU.Build.0 = Release|Any CPU
		{88609AC2-106F-4A03-9E05-F904120B737E}.Debug|Any CPU.ActiveCfg = Debug|Any CPU
		{88609AC2-106F-4A03-9E05-F904120B737E}.Debug|Any CPU.Build.0 = Debug|Any CPU
		{88609AC2-106F-4A03-9E05-F904120B737E}.Release|Any CPU.ActiveCfg = Release|Any CPU
		{88609AC2-106F-4A03-9E05-F904120B737E}.Release|Any CPU.Build.0 = Release|Any CPU
		{369A714F-1716-4203-BDC2-59A05AFC1B50}.Debug|Any CPU.ActiveCfg = Debug|Any CPU
		{369A714F-1716-4203-BDC2-59A05AFC1B50}.Debug|Any CPU.Build.0 = Debug|Any CPU
		{369A714F-1716-4203-BDC2-59A05AFC1B50}.Release|Any CPU.ActiveCfg = Release|Any CPU
		{369A714F-1716-4203-BDC2-59A05AFC1B50}.Release|Any CPU.Build.0 = Release|Any CPU
	EndGlobalSection
	GlobalSection(SolutionProperties) = preSolution
		HideSolutionNode = FALSE
	EndGlobalSection
	GlobalSection(NestedProjects) = preSolution
		{743CB592-D8BA-4737-816F-9755EC82A37D} = {4D04D46A-8174-4E81-9BC9-F06FBE78684A}
		{2A9911AE-5A4E-431E-A5B6-A4947539FC5F} = {791D5099-5BB6-4EC3-8A8F-09DF235E27C5}
		{437BA3AE-A41D-4D0E-B678-9DB5CDE1504E} = {32223374-C757-42BA-9A42-350EBDAF577D}
		{88609AC2-106F-4A03-9E05-F904120B737E} = {32223374-C757-42BA-9A42-350EBDAF577D}
		{369A714F-1716-4203-BDC2-59A05AFC1B50} = {4AA38BEF-D59A-4C30-868B-542FA065CA32}
	EndGlobalSection
EndGlobal
